
Microsoft Visual Studio Solution File, Format Version 12.00
# Visual Studio Version 17
VisualStudioVersion = 17.8.34219.65
MinimumVisualStudioVersion = 10.0.40219.1
Project("{FAE04EC0-301F-11D3-BF4B-00C04F79EFBC}") = "Authentication", "Authentication\Authentication.csproj", "{2827D0B8-597F-458C-8488-C6DDE26C7066}"
EndProject
Global
	GlobalSection(SolutionConfigurationPlatforms) = preSolution
		Debug|Any CPU = Debug|Any CPU
		Release|Any CPU = Release|Any CPU
	EndGlobalSection
	GlobalSection(ProjectConfigurationPlatforms) = postSolution
		{2827D0B8-597F-458C-8488-C6DDE26C7066}.Debug|Any CPU.ActiveCfg = Debug|Any CPU
		{2827D0B8-597F-458C-8488-C6DDE26C7066}.Debug|Any CPU.Build.0 = Debug|Any CPU
		{2827D0B8-597F-458C-8488-C6DDE26C7066}.Release|Any CPU.ActiveCfg = Release|Any CPU
		{2827D0B8-597F-458C-8488-C6DDE26C7066}.Release|Any CPU.Build.0 = Release|Any CPU
	EndGlobalSection
	GlobalSection(SolutionProperties) = preSolution
		HideSolutionNode = FALSE
	EndGlobalSection
	GlobalSection(ExtensibilityGlobals) = postSolution
		SolutionGuid = {BA1BD3B2-E352-4262-9412-6E63C070F9F6}
	EndGlobalSection
EndGlobal
